
Microsoft Visual Studio Solution File, Format Version 12.00
# Visual Studio Version 17
VisualStudioVersion = 17.0.31903.59
MinimumVisualStudioVersion = 10.0.40219.1
Project("{FAE04EC0-301F-11D3-BF4B-00C04F79EFBC}") = "GraphLib", "GraphLib\GraphLib.csproj", "{7817CA23-4456-46D3-AF70-37AAC6DE0147}"
EndProject
Project("{FAE04EC0-301F-11D3-BF4B-00C04F79EFBC}") = "GraphLib.Tests", "GraphLib.Tests\GraphLib.Tests.csproj", "{70B15F32-8E37-4BEB-9668-BC0D068F2600}"
EndProject
Global
	GlobalSection(SolutionConfigurationPlatforms) = preSolution
		Debug|Any CPU = Debug|Any CPU
		Release|Any CPU = Release|Any CPU
	EndGlobalSection
	GlobalSection(SolutionProperties) = preSolution
		HideSolutionNode = FALSE
	EndGlobalSection
	GlobalSection(ProjectConfigurationPlatforms) = postSolution
		{7817CA23-4456-46D3-AF70-37AAC6DE0147}.Debug|Any CPU.ActiveCfg = Debug|Any CPU
		{7817CA23-4456-46D3-AF70-37AAC6DE0147}.Debug|Any CPU.Build.0 = Debug|Any CPU
		{7817CA23-4456-46D3-AF70-37AAC6DE0147}.Release|Any CPU.ActiveCfg = Release|Any CPU
		{7817CA23-4456-46D3-AF70-37AAC6DE0147}.Release|Any CPU.Build.0 = Release|Any CPU
		{70B15F32-8E37-4BEB-9668-BC0D068F2600}.Debug|Any CPU.ActiveCfg = Debug|Any CPU
		{70B15F32-8E37-4BEB-9668-BC0D068F2600}.Debug|Any CPU.Build.0 = Debug|Any CPU
		{70B15F32-8E37-4BEB-9668-BC0D068F2600}.Release|Any CPU.ActiveCfg = Release|Any CPU
		{70B15F32-8E37-4BEB-9668-BC0D068F2600}.Release|Any CPU.Build.0 = Release|Any CPU
	EndGlobalSection
EndGlobal
